
Microsoft Visual Studio Solution File, Format Version 12.00
# Visual Studio Version 17
VisualStudioVersion = 17.4.33110.190
MinimumVisualStudioVersion = 10.0.40219.1
Project("{FAE04EC0-301F-11D3-BF4B-00C04F79EFBC}") = "WebApplication1", "WebApplication1\WebApplication1.csproj", "{E729CBF1-4A3E-46D6-951E-8E07AB34532F}"
EndProject
Global
	GlobalSection(SolutionConfigurationPlatforms) = preSolution
		Debug|Any CPU = Debug|Any CPU
		Release|Any CPU = Release|Any CPU
	EndGlobalSection
	GlobalSection(ProjectConfigurationPlatforms) = postSolution
		{E729CBF1-4A3E-46D6-951E-8E07AB34532F}.Debug|Any CPU.ActiveCfg = Debug|Any CPU
		{E729CBF1-4A3E-46D6-951E-8E07AB34532F}.Debug|Any CPU.Build.0 = Debug|Any CPU
		{E729CBF1-4A3E-46D6-951E-8E07AB34532F}.Release|Any CPU.ActiveCfg = Release|Any CPU
		{E729CBF1-4A3E-46D6-951E-8E07AB34532F}.Release|Any CPU.Build.0 = Release|Any CPU
	EndGlobalSection
	GlobalSection(SolutionProperties) = preSolution
		HideSolutionNode = FALSE
	EndGlobalSection
	GlobalSection(ExtensibilityGlobals) = postSolution
		SolutionGuid = {AFD1687A-BE0C-4EE3-8EB8-958719091BC8}
	EndGlobalSection
EndGlobal
